
Microsoft Visual Studio Solution File, Format Version 12.00
# Visual Studio 15
VisualStudioVersion = 15.0.27004.2010
MinimumVisualStudioVersion = 10.0.40219.1
Project("{FAE04EC0-301F-11D3-BF4B-00C04F79EFBC}") = "Survoicerium.PacketAnalyzer", "Survoicerium.PacketAnalyzer\Survoicerium.PacketAnalyzer.csproj", "{BCBAFE99-9F8E-44E0-BFC4-53B6182B8A86}"
EndProject
Project("{FAE04EC0-301F-11D3-BF4B-00C04F79EFBC}") = "Survoicerium.Client", "Survoicerium.Client\Survoicerium.Client.csproj", "{F58E4DDD-57E3-4EAD-B536-354082095B03}"
EndProject
Project("{FAE04EC0-301F-11D3-BF4B-00C04F79EFBC}") = "Survoicerium.Logging", "Survoicerium.Logging\Survoicerium.Logging.csproj", "{ACF1708A-809B-4F36-8EF5-92E969B28681}"
EndProject
Project("{FAE04EC0-301F-11D3-BF4B-00C04F79EFBC}") = "Survoicerium.ApiClient", "Survoicerium.ApiClient\Survoicerium.ApiClient.csproj", "{B7739221-7355-4297-A8B9-0AB037EA889D}"
EndProject
Global
	GlobalSection(SolutionConfigurationPlatforms) = preSolution
		Debug|Any CPU = Debug|Any CPU
		Release|Any CPU = Release|Any CPU
	EndGlobalSection
	GlobalSection(ProjectConfigurationPlatforms) = postSolution
		{BCBAFE99-9F8E-44E0-BFC4-53B6182B8A86}.Debug|Any CPU.ActiveCfg = Debug|Any CPU
		{BCBAFE99-9F8E-44E0-BFC4-53B6182B8A86}.Debug|Any CPU.Build.0 = Debug|Any CPU
		{BCBAFE99-9F8E-44E0-BFC4-53B6182B8A86}.Release|Any CPU.ActiveCfg = Release|Any CPU
		{BCBAFE99-9F8E-44E0-BFC4-53B6182B8A86}.Release|Any CPU.Build.0 = Release|Any CPU
		{F58E4DDD-57E3-4EAD-B536-354082095B03}.Debug|Any CPU.ActiveCfg = Debug|Any CPU
		{F58E4DDD-57E3-4EAD-B536-354082095B03}.Debug|Any CPU.Build.0 = Debug|Any CPU
		{F58E4DDD-57E3-4EAD-B536-354082095B03}.Release|Any CPU.ActiveCfg = Release|Any CPU
		{F58E4DDD-57E3-4EAD-B536-354082095B03}.Release|Any CPU.Build.0 = Release|Any CPU
		{ACF1708A-809B-4F36-8EF5-92E969B28681}.Debug|Any CPU.ActiveCfg = Debug|Any CPU
		{ACF1708A-809B-4F36-8EF5-92E969B28681}.Debug|Any CPU.Build.0 = Debug|Any CPU
		{ACF1708A-809B-4F36-8EF5-92E969B28681}.Release|Any CPU.ActiveCfg = Release|Any CPU
		{ACF1708A-809B-4F36-8EF5-92E969B28681}.Release|Any CPU.Build.0 = Release|Any CPU
		{B7739221-7355-4297-A8B9-0AB037EA889D}.Debug|Any CPU.ActiveCfg = Debug|Any CPU
		{B7739221-7355-4297-A8B9-0AB037EA889D}.Debug|Any CPU.Build.0 = Debug|Any CPU
		{B7739221-7355-4297-A8B9-0AB037EA889D}.Release|Any CPU.ActiveCfg = Release|Any CPU
		{B7739221-7355-4297-A8B9-0AB037EA889D}.Release|Any CPU.Build.0 = Release|Any CPU
	EndGlobalSection
	GlobalSection(SolutionProperties) = preSolution
		HideSolutionNode = FALSE
	EndGlobalSection
	GlobalSection(ExtensibilityGlobals) = postSolution
		SolutionGuid = {5B44169D-A153-4C45-A929-E6D42F6CADBC}
	EndGlobalSection
EndGlobal
